
Microsoft Visual Studio Solution File, Format Version 12.00
# Visual Studio Version 17
VisualStudioVersion = 17.5.33516.290
MinimumVisualStudioVersion = 10.0.40219.1
Project("{9A19103F-16F7-4668-BE54-9A1E7A4F7556}") = "014LongestCommonPrefix", "014LongestCommonPrefix\014LongestCommonPrefix.csproj", "{46713A02-2006-4EE4-809E-2DE6F169B7A4}"
EndProject
Project("{9A19103F-16F7-4668-BE54-9A1E7A4F7556}") = "20ValidParentheses", "20ValidParentheses\20ValidParentheses.csproj", "{B31FC495-BFF2-4E6A-B971-D34FC8AE9C10}"
EndProject
Project("{9A19103F-16F7-4668-BE54-9A1E7A4F7556}") = "21MergeTwoSortedLists", "21MergeTwoSortedLists\21MergeTwoSortedLists.csproj", "{F5F50055-5050-43FF-8870-66E6A5E3DE2C}"
EndProject
Project("{9A19103F-16F7-4668-BE54-9A1E7A4F7556}") = "002AddTwoNumbers", "002AddTwoNumbers\002AddTwoNumbers.csproj", "{0262CD6F-1510-421B-8466-66E8850F00C6}"
EndProject
Project("{9A19103F-16F7-4668-BE54-9A1E7A4F7556}") = "003LongestSubstringWithoutRepeatingCharacters", "003LongestSubstringWithoutRepeatingCharacters\003LongestSubstringWithoutRepeatingCharacters.csproj", "{94D35271-868E-40EE-B0B1-3BF66E44A55B}"
EndProject
Project("{9A19103F-16F7-4668-BE54-9A1E7A4F7556}") = "004medianOfTwoSortedArrays", "004medianOfTwoSortedArrays\004medianOfTwoSortedArrays.csproj", "{96C61D85-06A5-40F0-B06D-3CB536165C73}"
EndProject
Project("{9A19103F-16F7-4668-BE54-9A1E7A4F7556}") = "005LongestPalindromicSubstring", "005LongestPalindromicSubstring\005LongestPalindromicSubstring.csproj", "{BB9D8B0A-FAD0-41D0-83B1-32678DF271F7}"
EndProject
Project("{9A19103F-16F7-4668-BE54-9A1E7A4F7556}") = "006ZigzagConversion", "006ZigzagConversion\006ZigzagConversion.csproj", "{2E21DBEA-99F4-4885-84B9-51D6644D07DF}"
EndProject
Project("{9A19103F-16F7-4668-BE54-9A1E7A4F7556}") = "007ReverseInteger", "007ReverseInteger\007ReverseInteger.csproj", "{AE33190F-5265-4444-8488-4B5E1D4204D0}"
EndProject
Project("{9A19103F-16F7-4668-BE54-9A1E7A4F7556}") = "008StringToIntegerATOI", "008StringToIntegerATOI\008StringToIntegerATOI.csproj", "{F065C64A-0D08-4B58-A66F-4186459D359E}"
EndProject
Project("{9A19103F-16F7-4668-BE54-9A1E7A4F7556}") = "010RegularExpressionMatching", "010RegularExpressionMatching\010RegularExpressionMatching.csproj", "{FE214620-2EC9-403C-957D-DFD22D8A2F58}"
EndProject
Project("{9A19103F-16F7-4668-BE54-9A1E7A4F7556}") = "011ContainerWithMostWater", "011ContainerWithMostWater\011ContainerWithMostWater.csproj", "{AB35B26B-FDFE-4B52-B933-45C2D92126B1}"
EndProject
Project("{9A19103F-16F7-4668-BE54-9A1E7A4F7556}") = "012IntegerToRoman", "012IntegerToRoman\012IntegerToRoman.csproj", "{9A84B5CF-A27A-4E6A-8E9F-7554FD0232B7}"
EndProject
Project("{9A19103F-16F7-4668-BE54-9A1E7A4F7556}") = "015 3Sum", "015 3Sum\015 3Sum.csproj", "{55EDE5F8-ADDF-45D5-BF64-281CB417EAE7}"
EndProject
Project("{9A19103F-16F7-4668-BE54-9A1E7A4F7556}") = "016 3Sum Closest", "016 3Sum Closest\016 3Sum Closest.csproj", "{91EABE45-FFFD-486B-BD32-A725C4F47B46}"
EndProject
Project("{9A19103F-16F7-4668-BE54-9A1E7A4F7556}") = "017 Letter Combinations of a Phone Number", "017 Letter Combinations of a Phone Number\017 Letter Combinations of a Phone Number.csproj", "{ADFAF6E7-0031-4A5C-B7AF-A83C47B70E1C}"
EndProject
Project("{9A19103F-16F7-4668-BE54-9A1E7A4F7556}") = "744 Find Smallest Letter Greater Than Target", "744 Find Smallest Letter Greater Than Target\744 Find Smallest Letter Greater Than Target.csproj", "{9BA9235F-DC52-4B80-814A-45B9665EE98D}"
EndProject
Project("{FAE04EC0-301F-11D3-BF4B-00C04F79EFBC}") = "228 Summary Ranges", "228 Summary Ranges\228 Summary Ranges.csproj", "{C9F4EEBC-D1B0-4B79-A920-F98172FDC3C3}"
EndProject
Global
	GlobalSection(SolutionConfigurationPlatforms) = preSolution
		Debug|Any CPU = Debug|Any CPU
		Release|Any CPU = Release|Any CPU
	EndGlobalSection
	GlobalSection(ProjectConfigurationPlatforms) = postSolution
		{46713A02-2006-4EE4-809E-2DE6F169B7A4}.Debug|Any CPU.ActiveCfg = Debug|Any CPU
		{46713A02-2006-4EE4-809E-2DE6F169B7A4}.Debug|Any CPU.Build.0 = Debug|Any CPU
		{46713A02-2006-4EE4-809E-2DE6F169B7A4}.Release|Any CPU.ActiveCfg = Release|Any CPU
		{46713A02-2006-4EE4-809E-2DE6F169B7A4}.Release|Any CPU.Build.0 = Release|Any CPU
		{B31FC495-BFF2-4E6A-B971-D34FC8AE9C10}.Debug|Any CPU.ActiveCfg = Debug|Any CPU
		{B31FC495-BFF2-4E6A-B971-D34FC8AE9C10}.Debug|Any CPU.Build.0 = Debug|Any CPU
		{B31FC495-BFF2-4E6A-B971-D34FC8AE9C10}.Release|Any CPU.ActiveCfg = Release|Any CPU
		{B31FC495-BFF2-4E6A-B971-D34FC8AE9C10}.Release|Any CPU.Build.0 = Release|Any CPU
		{F5F50055-5050-43FF-8870-66E6A5E3DE2C}.Debug|Any CPU.ActiveCfg = Debug|Any CPU
		{F5F50055-5050-43FF-8870-66E6A5E3DE2C}.Debug|Any CPU.Build.0 = Debug|Any CPU
		{F5F50055-5050-43FF-8870-66E6A5E3DE2C}.Release|Any CPU.ActiveCfg = Release|Any CPU
		{F5F50055-5050-43FF-8870-66E6A5E3DE2C}.Release|Any CPU.Build.0 = Release|Any CPU
		{0262CD6F-1510-421B-8466-66E8850F00C6}.Debug|Any CPU.ActiveCfg = Debug|Any CPU
		{0262CD6F-1510-421B-8466-66E8850F00C6}.Debug|Any CPU.Build.0 = Debug|Any CPU
		{0262CD6F-1510-421B-8466-66E8850F00C6}.Release|Any CPU.ActiveCfg = Release|Any CPU
		{0262CD6F-1510-421B-8466-66E8850F00C6}.Release|Any CPU.Build.0 = Release|Any CPU
		{94D35271-868E-40EE-B0B1-3BF66E44A55B}.Debug|Any CPU.ActiveCfg = Debug|Any CPU
		{94D35271-868E-40EE-B0B1-3BF66E44A55B}.Debug|Any CPU.Build.0 = Debug|Any CPU
		{94D35271-868E-40EE-B0B1-3BF66E44A55B}.Release|Any CPU.ActiveCfg = Release|Any CPU
		{94D35271-868E-40EE-B0B1-3BF66E44A55B}.Release|Any CPU.Build.0 = Release|Any CPU
		{96C61D85-06A5-40F0-B06D-3CB536165C73}.Debug|Any CPU.ActiveCfg = Debug|Any CPU
		{96C61D85-06A5-40F0-B06D-3CB536165C73}.Debug|Any CPU.Build.0 = Debug|Any CPU
		{96C61D85-06A5-40F0-B06D-3CB536165C73}.Release|Any CPU.ActiveCfg = Release|Any CPU
		{96C61D85-06A5-40F0-B06D-3CB536165C73}.Release|Any CPU.Build.0 = Release|Any CPU
		{BB9D8B0A-FAD0-41D0-83B1-32678DF271F7}.Debug|Any CPU.ActiveCfg = Debug|Any CPU
		{BB9D8B0A-FAD0-41D0-83B1-32678DF271F7}.Debug|Any CPU.Build.0 = Debug|Any CPU
		{BB9D8B0A-FAD0-41D0-83B1-32678DF271F7}.Release|Any CPU.ActiveCfg = Release|Any CPU
		{BB9D8B0A-FAD0-41D0-83B1-32678DF271F7}.Release|Any CPU.Build.0 = Release|Any CPU
		{2E21DBEA-99F4-4885-84B9-51D6644D07DF}.Debug|Any CPU.ActiveCfg = Debug|Any CPU
		{2E21DBEA-99F4-4885-84B9-51D6644D07DF}.Debug|Any CPU.Build.0 = Debug|Any CPU
		{2E21DBEA-99F4-4885-84B9-51D6644D07DF}.Release|Any CPU.ActiveCfg = Release|Any CPU
		{2E21DBEA-99F4-4885-84B9-51D6644D07DF}.Release|Any CPU.Build.0 = Release|Any CPU
		{AE33190F-5265-4444-8488-4B5E1D4204D0}.Debug|Any CPU.ActiveCfg = Debug|Any CPU
		{AE33190F-5265-4444-8488-4B5E1D4204D0}.Debug|Any CPU.Build.0 = Debug|Any CPU
		{AE33190F-5265-4444-8488-4B5E1D4204D0}.Release|Any CPU.ActiveCfg = Release|Any CPU
		{AE33190F-5265-4444-8488-4B5E1D4204D0}.Release|Any CPU.Build.0 = Release|Any CPU
		{F065C64A-0D08-4B58-A66F-4186459D359E}.Debug|Any CPU.ActiveCfg = Debug|Any CPU
		{F065C64A-0D08-4B58-A66F-4186459D359E}.Debug|Any CPU.Build.0 = Debug|Any CPU
		{F065C64A-0D08-4B58-A66F-4186459D359E}.Release|Any CPU.ActiveCfg = Release|Any CPU
		{F065C64A-0D08-4B58-A66F-4186459D359E}.Release|Any CPU.Build.0 = Release|Any CPU
		{FE214620-2EC9-403C-957D-DFD22D8A2F58}.Debug|Any CPU.ActiveCfg = Debug|Any CPU
		{FE214620-2EC9-403C-957D-DFD22D8A2F58}.Debug|Any CPU.Build.0 = Debug|Any CPU
		{FE214620-2EC9-403C-957D-DFD22D8A2F58}.Release|Any CPU.ActiveCfg = Release|Any CPU
		{FE214620-2EC9-403C-957D-DFD22D8A2F58}.Release|Any CPU.Build.0 = Release|Any CPU
		{AB35B26B-FDFE-4B52-B933-45C2D92126B1}.Debug|Any CPU.ActiveCfg = Debug|Any CPU
		{AB35B26B-FDFE-4B52-B933-45C2D92126B1}.Debug|Any CPU.Build.0 = Debug|Any CPU
		{AB35B26B-FDFE-4B52-B933-45C2D92126B1}.Release|Any CPU.ActiveCfg = Release|Any CPU
		{AB35B26B-FDFE-4B52-B933-45C2D92126B1}.Release|Any CPU.Build.0 = Release|Any CPU
		{9A84B5CF-A27A-4E6A-8E9F-7554FD0232B7}.Debug|Any CPU.ActiveCfg = Debug|Any CPU
		{9A84B5CF-A27A-4E6A-8E9F-7554FD0232B7}.Debug|Any CPU.Build.0 = Debug|Any CPU
		{9A84B5CF-A27A-4E6A-8E9F-7554FD0232B7}.Release|Any CPU.ActiveCfg = Release|Any CPU
		{9A84B5CF-A27A-4E6A-8E9F-7554FD0232B7}.Release|Any CPU.Build.0 = Release|Any CPU
		{55EDE5F8-ADDF-45D5-BF64-281CB417EAE7}.Debug|Any CPU.ActiveCfg = Debug|Any CPU
		{55EDE5F8-ADDF-45D5-BF64-281CB417EAE7}.Debug|Any CPU.Build.0 = Debug|Any CPU
		{55EDE5F8-ADDF-45D5-BF64-281CB417EAE7}.Release|Any CPU.ActiveCfg = Release|Any CPU
		{55EDE5F8-ADDF-45D5-BF64-281CB417EAE7}.Release|Any CPU.Build.0 = Release|Any CPU
		{91EABE45-FFFD-486B-BD32-A725C4F47B46}.Debug|Any CPU.ActiveCfg = Debug|Any CPU
		{91EABE45-FFFD-486B-BD32-A725C4F47B46}.Debug|Any CPU.Build.0 = Debug|Any CPU
		{91EABE45-FFFD-486B-BD32-A725C4F47B46}.Release|Any CPU.ActiveCfg = Release|Any CPU
		{91EABE45-FFFD-486B-BD32-A725C4F47B46}.Release|Any CPU.Build.0 = Release|Any CPU
		{ADFAF6E7-0031-4A5C-B7AF-A83C47B70E1C}.Debug|Any CPU.ActiveCfg = Debug|Any CPU
		{ADFAF6E7-0031-4A5C-B7AF-A83C47B70E1C}.Debug|Any CPU.Build.0 = Debug|Any CPU
		{ADFAF6E7-0031-4A5C-B7AF-A83C47B70E1C}.Release|Any CPU.ActiveCfg = Release|Any CPU
		{ADFAF6E7-0031-4A5C-B7AF-A83C47B70E1C}.Release|Any CPU.Build.0 = Release|Any CPU
		{9BA9235F-DC52-4B80-814A-45B9665EE98D}.Debug|Any CPU.ActiveCfg = Debug|Any CPU
		{9BA9235F-DC52-4B80-814A-45B9665EE98D}.Debug|Any CPU.Build.0 = Debug|Any CPU
		{9BA9235F-DC52-4B80-814A-45B9665EE98D}.Release|Any CPU.ActiveCfg = Release|Any CPU
		{9BA9235F-DC52-4B80-814A-45B9665EE98D}.Release|Any CPU.Build.0 = Release|Any CPU
		{E7F314B7-957F-44C1-BEC4-7142D2A7A4EB}.Debug|Any CPU.ActiveCfg = Debug|Any CPU
		{E7F314B7-957F-44C1-BEC4-7142D2A7A4EB}.Debug|Any CPU.Build.0 = Debug|Any CPU
		{E7F314B7-957F-44C1-BEC4-7142D2A7A4EB}.Release|Any CPU.ActiveCfg = Release|Any CPU
		{E7F314B7-957F-44C1-BEC4-7142D2A7A4EB}.Release|Any CPU.Build.0 = Release|Any CPU
		{C9F4EEBC-D1B0-4B79-A920-F98172FDC3C3}.Debug|Any CPU.ActiveCfg = Debug|Any CPU
		{C9F4EEBC-D1B0-4B79-A920-F98172FDC3C3}.Debug|Any CPU.Build.0 = Debug|Any CPU
		{C9F4EEBC-D1B0-4B79-A920-F98172FDC3C3}.Release|Any CPU.ActiveCfg = Release|Any CPU
		{C9F4EEBC-D1B0-4B79-A920-F98172FDC3C3}.Release|Any CPU.Build.0 = Release|Any CPU
	EndGlobalSection
	GlobalSection(SolutionProperties) = preSolution
		HideSolutionNode = FALSE
	EndGlobalSection
	GlobalSection(ExtensibilityGlobals) = postSolution
		SolutionGuid = {9CCCC221-AE3B-425C-AE92-7BBB6BD9C5B6}
	EndGlobalSection
EndGlobal
